
Microsoft Visual Studio Solution File, Format Version 12.00
# Visual Studio Version 17
VisualStudioVersion = 17.0.31903.59
MinimumVisualStudioVersion = 10.0.40219.1
Project("{FAE04EC0-301F-11D3-BF4B-00C04F79EFBC}") = "EditorHTML", "EditorHTML\EditorHTML.csproj", "{96A2FDE0-A0C8-4542-B1F5-7B58214746AC}"
EndProject
Global
	GlobalSection(SolutionConfigurationPlatforms) = preSolution
		Debug|Any CPU = Debug|Any CPU
		Release|Any CPU = Release|Any CPU
	EndGlobalSection
	GlobalSection(ProjectConfigurationPlatforms) = postSolution
		{96A2FDE0-A0C8-4542-B1F5-7B58214746AC}.Debug|Any CPU.ActiveCfg = Debug|Any CPU
		{96A2FDE0-A0C8-4542-B1F5-7B58214746AC}.Debug|Any CPU.Build.0 = Debug|Any CPU
		{96A2FDE0-A0C8-4542-B1F5-7B58214746AC}.Release|Any CPU.ActiveCfg = Release|Any CPU
		{96A2FDE0-A0C8-4542-B1F5-7B58214746AC}.Release|Any CPU.Build.0 = Release|Any CPU
	EndGlobalSection
	GlobalSection(SolutionProperties) = preSolution
		HideSolutionNode = FALSE
	EndGlobalSection
	GlobalSection(ExtensibilityGlobals) = postSolution
		SolutionGuid = {68540EE4-5B3C-4DEE-8200-00BF368B4220}
	EndGlobalSection
EndGlobal
