
Microsoft Visual Studio Solution File, Format Version 12.00
# Visual Studio Version 17
VisualStudioVersion = 17.9.34902.65
MinimumVisualStudioVersion = 10.0.40219.1
Project("{FAE04EC0-301F-11D3-BF4B-00C04F79EFBC}") = "SimpleMiniCalculator", "SimpleMiniCalculator\SimpleMiniCalculator.csproj", "{C194CACA-04CA-4331-89EE-163E79ACC442}"
EndProject
Global
	GlobalSection(SolutionConfigurationPlatforms) = preSolution
		Debug|Any CPU = Debug|Any CPU
		Release|Any CPU = Release|Any CPU
	EndGlobalSection
	GlobalSection(ProjectConfigurationPlatforms) = postSolution
		{C194CACA-04CA-4331-89EE-163E79ACC442}.Debug|Any CPU.ActiveCfg = Debug|Any CPU
		{C194CACA-04CA-4331-89EE-163E79ACC442}.Debug|Any CPU.Build.0 = Debug|Any CPU
		{C194CACA-04CA-4331-89EE-163E79ACC442}.Release|Any CPU.ActiveCfg = Release|Any CPU
		{C194CACA-04CA-4331-89EE-163E79ACC442}.Release|Any CPU.Build.0 = Release|Any CPU
	EndGlobalSection
	GlobalSection(SolutionProperties) = preSolution
		HideSolutionNode = FALSE
	EndGlobalSection
	GlobalSection(ExtensibilityGlobals) = postSolution
		SolutionGuid = {59E6ADCA-91BD-4328-AC68-6F03B569EF6A}
	EndGlobalSection
EndGlobal
